
Microsoft Visual Studio Solution File, Format Version 12.00
# Visual Studio Version 17
VisualStudioVersion = 17.0.31903.59
MinimumVisualStudioVersion = 10.0.40219.1
Project("{2150E333-8FDC-42A3-9474-1A3956D46DE8}") = "src", "src", "{827E0CD3-B72D-47B6-A68D-7590B98EB39B}"
EndProject
Project("{FAE04EC0-301F-11D3-BF4B-00C04F79EFBC}") = "CypherSheet.Client", "src\CypherSheet.Client\CypherSheet.Client.csproj", "{5DC132BF-3A32-4868-97F0-E2633EC2D0F9}"
EndProject
Project("{FAE04EC0-301F-11D3-BF4B-00C04F79EFBC}") = "CypherSheet.Storage", "src\CypherSheet.Storage\CypherSheet.Storage.csproj", "{CB428822-AF6D-4DAF-8D82-ECC3CF4FE9D9}"
EndProject
Project("{FAE04EC0-301F-11D3-BF4B-00C04F79EFBC}") = "CypherSheet.Domain", "src\CypherSheet.Domain\CypherSheet.Domain.csproj", "{F8F43C8A-9039-482F-AB48-D36F87355CA3}"
EndProject
Project("{FAE04EC0-301F-11D3-BF4B-00C04F79EFBC}") = "CypherSheet.Shared", "src\CypherSheet.Shared\CypherSheet.Shared.csproj", "{894A1D86-12AA-4415-A882-114DE3A64AB2}"
EndProject
Global
	GlobalSection(SolutionConfigurationPlatforms) = preSolution
		Debug|Any CPU = Debug|Any CPU
		Debug|x64 = Debug|x64
		Debug|x86 = Debug|x86
		Release|Any CPU = Release|Any CPU
		Release|x64 = Release|x64
		Release|x86 = Release|x86
	EndGlobalSection
	GlobalSection(ProjectConfigurationPlatforms) = postSolution
		{5DC132BF-3A32-4868-97F0-E2633EC2D0F9}.Debug|Any CPU.ActiveCfg = Debug|Any CPU
		{5DC132BF-3A32-4868-97F0-E2633EC2D0F9}.Debug|Any CPU.Build.0 = Debug|Any CPU
		{5DC132BF-3A32-4868-97F0-E2633EC2D0F9}.Debug|x64.ActiveCfg = Debug|Any CPU
		{5DC132BF-3A32-4868-97F0-E2633EC2D0F9}.Debug|x64.Build.0 = Debug|Any CPU
		{5DC132BF-3A32-4868-97F0-E2633EC2D0F9}.Debug|x86.ActiveCfg = Debug|Any CPU
		{5DC132BF-3A32-4868-97F0-E2633EC2D0F9}.Debug|x86.Build.0 = Debug|Any CPU
		{5DC132BF-3A32-4868-97F0-E2633EC2D0F9}.Release|Any CPU.ActiveCfg = Release|Any CPU
		{5DC132BF-3A32-4868-97F0-E2633EC2D0F9}.Release|Any CPU.Build.0 = Release|Any CPU
		{5DC132BF-3A32-4868-97F0-E2633EC2D0F9}.Release|x64.ActiveCfg = Release|Any CPU
		{5DC132BF-3A32-4868-97F0-E2633EC2D0F9}.Release|x64.Build.0 = Release|Any CPU
		{5DC132BF-3A32-4868-97F0-E2633EC2D0F9}.Release|x86.ActiveCfg = Release|Any CPU
		{5DC132BF-3A32-4868-97F0-E2633EC2D0F9}.Release|x86.Build.0 = Release|Any CPU
		{CB428822-AF6D-4DAF-8D82-ECC3CF4FE9D9}.Debug|Any CPU.ActiveCfg = Debug|Any CPU
		{CB428822-AF6D-4DAF-8D82-ECC3CF4FE9D9}.Debug|Any CPU.Build.0 = Debug|Any CPU
		{CB428822-AF6D-4DAF-8D82-ECC3CF4FE9D9}.Debug|x64.ActiveCfg = Debug|Any CPU
		{CB428822-AF6D-4DAF-8D82-ECC3CF4FE9D9}.Debug|x64.Build.0 = Debug|Any CPU
		{CB428822-AF6D-4DAF-8D82-ECC3CF4FE9D9}.Debug|x86.ActiveCfg = Debug|Any CPU
		{CB428822-AF6D-4DAF-8D82-ECC3CF4FE9D9}.Debug|x86.Build.0 = Debug|Any CPU
		{CB428822-AF6D-4DAF-8D82-ECC3CF4FE9D9}.Release|Any CPU.ActiveCfg = Release|Any CPU
		{CB428822-AF6D-4DAF-8D82-ECC3CF4FE9D9}.Release|Any CPU.Build.0 = Release|Any CPU
		{CB428822-AF6D-4DAF-8D82-ECC3CF4FE9D9}.Release|x64.ActiveCfg = Release|Any CPU
		{CB428822-AF6D-4DAF-8D82-ECC3CF4FE9D9}.Release|x64.Build.0 = Release|Any CPU
		{CB428822-AF6D-4DAF-8D82-ECC3CF4FE9D9}.Release|x86.ActiveCfg = Release|Any CPU
		{CB428822-AF6D-4DAF-8D82-ECC3CF4FE9D9}.Release|x86.Build.0 = Release|Any CPU
		{F8F43C8A-9039-482F-AB48-D36F87355CA3}.Debug|Any CPU.ActiveCfg = Debug|Any CPU
		{F8F43C8A-9039-482F-AB48-D36F87355CA3}.Debug|Any CPU.Build.0 = Debug|Any CPU
		{F8F43C8A-9039-482F-AB48-D36F87355CA3}.Debug|x64.ActiveCfg = Debug|Any CPU
		{F8F43C8A-9039-482F-AB48-D36F87355CA3}.Debug|x64.Build.0 = Debug|Any CPU
		{F8F43C8A-9039-482F-AB48-D36F87355CA3}.Debug|x86.ActiveCfg = Debug|Any CPU
		{F8F43C8A-9039-482F-AB48-D36F87355CA3}.Debug|x86.Build.0 = Debug|Any CPU
		{F8F43C8A-9039-482F-AB48-D36F87355CA3}.Release|Any CPU.ActiveCfg = Release|Any CPU
		{F8F43C8A-9039-482F-AB48-D36F87355CA3}.Release|Any CPU.Build.0 = Release|Any CPU
		{F8F43C8A-9039-482F-AB48-D36F87355CA3}.Release|x64.ActiveCfg = Release|Any CPU
		{F8F43C8A-9039-482F-AB48-D36F87355CA3}.Release|x64.Build.0 = Release|Any CPU
		{F8F43C8A-9039-482F-AB48-D36F87355CA3}.Release|x86.ActiveCfg = Release|Any CPU
		{F8F43C8A-9039-482F-AB48-D36F87355CA3}.Release|x86.Build.0 = Release|Any CPU
		{894A1D86-12AA-4415-A882-114DE3A64AB2}.Debug|Any CPU.ActiveCfg = Debug|Any CPU
		{894A1D86-12AA-4415-A882-114DE3A64AB2}.Debug|Any CPU.Build.0 = Debug|Any CPU
		{894A1D86-12AA-4415-A882-114DE3A64AB2}.Debug|x64.ActiveCfg = Debug|Any CPU
		{894A1D86-12AA-4415-A882-114DE3A64AB2}.Debug|x64.Build.0 = Debug|Any CPU
		{894A1D86-12AA-4415-A882-114DE3A64AB2}.Debug|x86.ActiveCfg = Debug|Any CPU
		{894A1D86-12AA-4415-A882-114DE3A64AB2}.Debug|x86.Build.0 = Debug|Any CPU
		{894A1D86-12AA-4415-A882-114DE3A64AB2}.Release|Any CPU.ActiveCfg = Release|Any CPU
		{894A1D86-12AA-4415-A882-114DE3A64AB2}.Release|Any CPU.Build.0 = Release|Any CPU
		{894A1D86-12AA-4415-A882-114DE3A64AB2}.Release|x64.ActiveCfg = Release|Any CPU
		{894A1D86-12AA-4415-A882-114DE3A64AB2}.Release|x64.Build.0 = Release|Any CPU
		{894A1D86-12AA-4415-A882-114DE3A64AB2}.Release|x86.ActiveCfg = Release|Any CPU
		{894A1D86-12AA-4415-A882-114DE3A64AB2}.Release|x86.Build.0 = Release|Any CPU
	EndGlobalSection
	GlobalSection(SolutionProperties) = preSolution
		HideSolutionNode = FALSE
	EndGlobalSection
	GlobalSection(NestedProjects) = preSolution
		{5DC132BF-3A32-4868-97F0-E2633EC2D0F9} = {827E0CD3-B72D-47B6-A68D-7590B98EB39B}
		{CB428822-AF6D-4DAF-8D82-ECC3CF4FE9D9} = {827E0CD3-B72D-47B6-A68D-7590B98EB39B}
		{F8F43C8A-9039-482F-AB48-D36F87355CA3} = {827E0CD3-B72D-47B6-A68D-7590B98EB39B}
		{894A1D86-12AA-4415-A882-114DE3A64AB2} = {827E0CD3-B72D-47B6-A68D-7590B98EB39B}
	EndGlobalSection
EndGlobal
